{
    "name": "cnchar-dev",
    "version": "0.0.1",
    "lockfileVersion": 2,
    "requires": true,
    "packages": {
        "": {
            "name": "cnchar-dev",
            "version": "0.0.1",
            "license": "MIT"
        },
        "../cnchar-types": {
            "version": "3.0.6",
            "extraneous": true,
            "license": "MIT"
        }
    }
}
